
Microsoft Visual Studio Solution File, Format Version 12.00
# Visual Studio Version 17
VisualStudioVersion = 17.4.33103.184
MinimumVisualStudioVersion = 10.0.40219.1
Project("{FAE04EC0-301F-11D3-BF4B-00C04F79EFBC}") = "FinalAppCSharp", "FinalAppCSharp\FinalAppCSharp.csproj", "{F4E9B3B5-1312-453B-90F8-5362C6936C3D}"
EndProject
Global
	GlobalSection(SolutionConfigurationPlatforms) = preSolution
		Debug|Any CPU = Debug|Any CPU
		Release|Any CPU = Release|Any CPU
	EndGlobalSection
	GlobalSection(ProjectConfigurationPlatforms) = postSolution
		{F4E9B3B5-1312-453B-90F8-5362C6936C3D}.Debug|Any CPU.ActiveCfg = Debug|Any CPU
		{F4E9B3B5-1312-453B-90F8-5362C6936C3D}.Debug|Any CPU.Build.0 = Debug|Any CPU
		{F4E9B3B5-1312-453B-90F8-5362C6936C3D}.Release|Any CPU.ActiveCfg = Release|Any CPU
		{F4E9B3B5-1312-453B-90F8-5362C6936C3D}.Release|Any CPU.Build.0 = Release|Any CPU
	EndGlobalSection
	GlobalSection(SolutionProperties) = preSolution
		HideSolutionNode = FALSE
	EndGlobalSection
	GlobalSection(ExtensibilityGlobals) = postSolution
		SolutionGuid = {D74D16FE-3A48-4F92-86F0-178424538A58}
	EndGlobalSection
EndGlobal
